# This file is autogenerated, do not edit; changes may be undone by the next 'dep ensure'.


[[projects]]
  name = "github.com/Sirupsen/logrus"
  packages = ["."]
  revision = "f006c2ac4710855cf0f916dd6b77acf6b048dc6e"
  version = "v1.0.3"

[[projects]]
  name = "github.com/asaskevich/govalidator"
  packages = ["."]
  revision = "4918b99a7cb949bb295f3c7bbaf24b577d806e35"
  version = "v6"

[[projects]]
  name = "github.com/aws/aws-sdk-go"
  packages = ["aws","aws/awserr","aws/awsutil","aws/client","aws/client/metadata","aws/corehandlers","aws/credentials","aws/credentials/ec2rolecreds","aws/credentials/endpointcreds","aws/credentials/stscreds","aws/defaults","aws/ec2metadata","aws/endpoints","aws/request","aws/session","aws/signer/v4","internal/shareddefaults","private/protocol","private/protocol/json/jsonutil","private/protocol/jsonrpc","private/protocol/query","private/protocol/query/queryutil","private/protocol/rest","private/protocol/restjson","private/protocol/restxml","private/protocol/xml/xmlutil","service/apigateway","service/cloudformation","service/cloudwatchlogs","service/dynamodb","service/ecr","service/iam","service/lambda","service/s3","service/s3/s3iface","service/s3/s3manager","service/ses","service/sns","service/sts"]
  revision = "e63027ac6e05f6d4ae9f97ce0294d7468ca652da"
  version = "v1.10.33"

[[projects]]
  name = "github.com/go-ini/ini"
  packages = ["."]
  revision = "20b96f641a5ea98f2f8619ff4f3e061cff4833bd"
  version = "v1.28.2"

[[projects]]
  name = "github.com/go-playground/locales"
  packages = [".","currency"]
  revision = "b860c92274dfb72f517b8b4c11c6d9f2f8cc9d91"
  version = "v0.11.1"

[[projects]]
  name = "github.com/go-playground/universal-translator"
  packages = ["."]
  revision = "b32fa301c9fe55953584134cb6853a13c87ec0a1"
  version = "v0.16.0"

[[projects]]
  name = "github.com/inconshreveable/mousetrap"
  packages = ["."]
  revision = "76626ae9c91c4f2a10f34cad8ce83ea42c93bb75"
  version = "v1.0"

[[projects]]
  name = "github.com/jmespath/go-jmespath"
  packages = ["."]
  revision = "3433f3ea46d9f8019119e7dd41274e112a2359a9"
  version = "0.2.2"

[[projects]]
  branch = "mweagle/0.13.3"
  name = "github.com/mweagle/Sparta"
  packages = [".","aws","aws/cloudformation","aws/dynamodb","aws/iam","aws/s3","zip"]
  revision = "99b66842f9ccea7afdf7fc4556c3204d7b51dcc0"

[[projects]]
  branch = "master"
  name = "github.com/mweagle/cloudformationresources"
  packages = ["."]
  revision = "a2efb8eb75fa54dca84d6e63915d4c2cb0210618"

[[projects]]
  branch = "master"
  name = "github.com/mweagle/go-cloudformation"
  packages = ["."]
  revision = "dee6347e52472edf12837a6bf088f45f426cd113"

[[projects]]
  branch = "master"
  name = "github.com/spf13/cobra"
  packages = ["."]
  revision = "2df9a531813370438a4d79bfc33e21f58063ed87"

[[projects]]
  name = "github.com/spf13/pflag"
  packages = ["."]
  revision = "e57e3eeb33f795204c1ca35f56c44f83227c6e66"
  version = "v1.0.0"

[[projects]]
  branch = "master"
  name = "golang.org/x/crypto"
  packages = ["ssh/terminal"]
  revision = "81e90905daefcd6fd217b62423c0908922eadb30"

[[projects]]
  branch = "master"
  name = "golang.org/x/sys"
  packages = ["unix","windows"]
  revision = "2d6f6f883a06fc0d5f4b14a81e4c28705ea64c15"

[[projects]]
  name = "gopkg.in/go-playground/validator.v9"
  packages = ["."]
  revision = "d529ee1b0f30352444f507cc6cdac96bfd12decc"
  version = "v9.6.0"

[solve-meta]
  analyzer-name = "dep"
  analyzer-version = 1
  inputs-digest = "9e5ea6ddb0614f3adc05e21651ec53eda6a73b6507057d54a9e3d9352b878f99"
  solver-name = "gps-cdcl"
  solver-version = 1
